
Microsoft Visual Studio Solution File, Format Version 12.00
# Visual Studio 15
VisualStudioVersion = 15.0.26430.16
MinimumVisualStudioVersion = 10.0.40219.1
Project("{FAE04EC0-301F-11D3-BF4B-00C04F79EFBC}") = "TAREA", "TAREA\TAREA.csproj", "{5E0A62F3-47BF-4140-8344-E9B5B987080A}"
EndProject
Project("{FAE04EC0-301F-11D3-BF4B-00C04F79EFBC}") = "ListTest", "ListTest\ListTest.csproj", "{D47E3633-0F39-490B-B373-4C2541B5D94D}"
EndProject
Global
	GlobalSection(SolutionConfigurationPlatforms) = preSolution
		Debug|Any CPU = Debug|Any CPU
		Release|Any CPU = Release|Any CPU
	EndGlobalSection
	GlobalSection(ProjectConfigurationPlatforms) = postSolution
		{5E0A62F3-47BF-4140-8344-E9B5B987080A}.Debug|Any CPU.ActiveCfg = Debug|Any CPU
		{5E0A62F3-47BF-4140-8344-E9B5B987080A}.Debug|Any CPU.Build.0 = Debug|Any CPU
		{5E0A62F3-47BF-4140-8344-E9B5B987080A}.Release|Any CPU.ActiveCfg = Release|Any CPU
		{5E0A62F3-47BF-4140-8344-E9B5B987080A}.Release|Any CPU.Build.0 = Release|Any CPU
		{D47E3633-0F39-490B-B373-4C2541B5D94D}.Debug|Any CPU.ActiveCfg = Debug|Any CPU
		{D47E3633-0F39-490B-B373-4C2541B5D94D}.Debug|Any CPU.Build.0 = Debug|Any CPU
		{D47E3633-0F39-490B-B373-4C2541B5D94D}.Release|Any CPU.ActiveCfg = Release|Any CPU
		{D47E3633-0F39-490B-B373-4C2541B5D94D}.Release|Any CPU.Build.0 = Release|Any CPU
	EndGlobalSection
	GlobalSection(SolutionProperties) = preSolution
		HideSolutionNode = FALSE
	EndGlobalSection
EndGlobal
